
Microsoft Visual Studio Solution File, Format Version 12.00
# Visual Studio 14
VisualStudioVersion = 14.0.25420.1
MinimumVisualStudioVersion = 10.0.40219.1
Project("{FAE04EC0-301F-11D3-BF4B-00C04F79EFBC}") = "OME.Common.Web", "OME.Common.Web\OME.Common.Web.csproj", "{D1E6ECA6-1EE3-4ED2-87D9-0B2A035E49CD}"
EndProject
Global
	GlobalSection(SolutionConfigurationPlatforms) = preSolution
		Debug|Any CPU = Debug|Any CPU
		Release|Any CPU = Release|Any CPU
	EndGlobalSection
	GlobalSection(ProjectConfigurationPlatforms) = postSolution
		{D1E6ECA6-1EE3-4ED2-87D9-0B2A035E49CD}.Debug|Any CPU.ActiveCfg = Debug|Any CPU
		{D1E6ECA6-1EE3-4ED2-87D9-0B2A035E49CD}.Debug|Any CPU.Build.0 = Debug|Any CPU
		{D1E6ECA6-1EE3-4ED2-87D9-0B2A035E49CD}.Release|Any CPU.ActiveCfg = Release|Any CPU
		{D1E6ECA6-1EE3-4ED2-87D9-0B2A035E49CD}.Release|Any CPU.Build.0 = Release|Any CPU
	EndGlobalSection
	GlobalSection(SolutionProperties) = preSolution
		HideSolutionNode = FALSE
	EndGlobalSection
EndGlobal
